
Microsoft Visual Studio Solution File, Format Version 11.00
# Visual Studio 2010
Project("{8BC9CEB8-8B4A-11D0-8D11-00A0C91BC942}") = "Boolean Logic", "Boolean Logic\Boolean Logic.vcxproj", "{DAD1CF19-43B0-4F03-8339-C2A8B7F61900}"
EndProject
Global
	GlobalSection(SolutionConfigurationPlatforms) = preSolution
		Debug|Win32 = Debug|Win32
		Release|Win32 = Release|Win32
	EndGlobalSection
	GlobalSection(ProjectConfigurationPlatforms) = postSolution
		{DAD1CF19-43B0-4F03-8339-C2A8B7F61900}.Debug|Win32.ActiveCfg = Debug|Win32
		{DAD1CF19-43B0-4F03-8339-C2A8B7F61900}.Debug|Win32.Build.0 = Debug|Win32
		{DAD1CF19-43B0-4F03-8339-C2A8B7F61900}.Release|Win32.ActiveCfg = Release|Win32
		{DAD1CF19-43B0-4F03-8339-C2A8B7F61900}.Release|Win32.Build.0 = Release|Win32
	EndGlobalSection
	GlobalSection(SolutionProperties) = preSolution
		HideSolutionNode = FALSE
	EndGlobalSection
EndGlobal
