
Microsoft Visual Studio Solution File, Format Version 11.00
# Visual Studio 2010
Project("{8BC9CEB8-8B4A-11D0-8D11-00A0C91BC942}") = "MMM project", "MMM project\MMM project.vcxproj", "{6D303DA2-2D16-4279-85F3-280471AA2C03}"
EndProject
Global
	GlobalSection(SolutionConfigurationPlatforms) = preSolution
		Debug|Win32 = Debug|Win32
		Release|Win32 = Release|Win32
	EndGlobalSection
	GlobalSection(ProjectConfigurationPlatforms) = postSolution
		{6D303DA2-2D16-4279-85F3-280471AA2C03}.Debug|Win32.ActiveCfg = Debug|Win32
		{6D303DA2-2D16-4279-85F3-280471AA2C03}.Debug|Win32.Build.0 = Debug|Win32
		{6D303DA2-2D16-4279-85F3-280471AA2C03}.Release|Win32.ActiveCfg = Release|Win32
		{6D303DA2-2D16-4279-85F3-280471AA2C03}.Release|Win32.Build.0 = Release|Win32
	EndGlobalSection
	GlobalSection(SolutionProperties) = preSolution
		HideSolutionNode = FALSE
	EndGlobalSection
EndGlobal
