
Microsoft Visual Studio Solution File, Format Version 11.00
# Visual Studio 2010
Project("{8BC9CEB8-8B4A-11D0-8D11-00A0C91BC942}") = "Linear Search", "Linear Search\Linear Search.vcxproj", "{69E5FA97-E013-43EB-BA4E-BD12C25B0E5A}"
EndProject
Global
	GlobalSection(SolutionConfigurationPlatforms) = preSolution
		Debug|Win32 = Debug|Win32
		Release|Win32 = Release|Win32
	EndGlobalSection
	GlobalSection(ProjectConfigurationPlatforms) = postSolution
		{69E5FA97-E013-43EB-BA4E-BD12C25B0E5A}.Debug|Win32.ActiveCfg = Debug|Win32
		{69E5FA97-E013-43EB-BA4E-BD12C25B0E5A}.Debug|Win32.Build.0 = Debug|Win32
		{69E5FA97-E013-43EB-BA4E-BD12C25B0E5A}.Release|Win32.ActiveCfg = Release|Win32
		{69E5FA97-E013-43EB-BA4E-BD12C25B0E5A}.Release|Win32.Build.0 = Release|Win32
	EndGlobalSection
	GlobalSection(SolutionProperties) = preSolution
		HideSolutionNode = FALSE
	EndGlobalSection
EndGlobal
