
Microsoft Visual Studio Solution File, Format Version 11.00
# Visual Studio 2010
Project("{8BC9CEB8-8B4A-11D0-8D11-00A0C91BC942}") = "Tax Calculator", "Tax Calculator\Tax Calculator.vcxproj", "{F490469B-6DE2-4E16-9D58-3716AFE33762}"
EndProject
Global
	GlobalSection(SolutionConfigurationPlatforms) = preSolution
		Debug|Win32 = Debug|Win32
		Release|Win32 = Release|Win32
	EndGlobalSection
	GlobalSection(ProjectConfigurationPlatforms) = postSolution
		{F490469B-6DE2-4E16-9D58-3716AFE33762}.Debug|Win32.ActiveCfg = Debug|Win32
		{F490469B-6DE2-4E16-9D58-3716AFE33762}.Debug|Win32.Build.0 = Debug|Win32
		{F490469B-6DE2-4E16-9D58-3716AFE33762}.Release|Win32.ActiveCfg = Release|Win32
		{F490469B-6DE2-4E16-9D58-3716AFE33762}.Release|Win32.Build.0 = Release|Win32
	EndGlobalSection
	GlobalSection(SolutionProperties) = preSolution
		HideSolutionNode = FALSE
	EndGlobalSection
EndGlobal
