
Microsoft Visual Studio Solution File, Format Version 11.00
# Visual Studio 2010
Project("{8BC9CEB8-8B4A-11D0-8D11-00A0C91BC942}") = "Five Questions", "Five Questions\Five Questions.vcxproj", "{3C301F5F-799C-4F55-9D02-1DCE4CDD4ADB}"
EndProject
Global
	GlobalSection(SolutionConfigurationPlatforms) = preSolution
		Debug|Win32 = Debug|Win32
		Release|Win32 = Release|Win32
	EndGlobalSection
	GlobalSection(ProjectConfigurationPlatforms) = postSolution
		{3C301F5F-799C-4F55-9D02-1DCE4CDD4ADB}.Debug|Win32.ActiveCfg = Debug|Win32
		{3C301F5F-799C-4F55-9D02-1DCE4CDD4ADB}.Debug|Win32.Build.0 = Debug|Win32
		{3C301F5F-799C-4F55-9D02-1DCE4CDD4ADB}.Release|Win32.ActiveCfg = Release|Win32
		{3C301F5F-799C-4F55-9D02-1DCE4CDD4ADB}.Release|Win32.Build.0 = Release|Win32
	EndGlobalSection
	GlobalSection(SolutionProperties) = preSolution
		HideSolutionNode = FALSE
	EndGlobalSection
EndGlobal
